// !$*UTF8*$!
{
	archiveVersion = 1;
	classes = {
	};
	objectVersion = 50;
	objects = {

/* Begin PBXBuildFile section */
		9450A23123F07DE100B89DC3 /* AppDelegate.swift in Sources */ = {isa = PBXBuildFile; fileRef = 9450A23023F07DE100B89DC3 /* AppDelegate.swift */; };
		9450A23523F07DE100B89DC3 /* ViewController.swift in Sources */ = {isa = PBXBuildFile; fileRef = 9450A23423F07DE100B89DC3 /* ViewController.swift */; };
		9450A23823F07DE100B89DC3 /* Main.storyboard in Resources */ = {isa = PBXBuildFile; fileRef = 9450A23623F07DE100B89DC3 /* Main.storyboard */; };
		9450A23A23F07DE300B89DC3 /* Assets.xcassets in Resources */ = {isa = PBXBuildFile; fileRef = 9450A23923F07DE300B89DC3 /* Assets.xcassets */; };
		9450A23D23F07DE300B89DC3 /* LaunchScreen.storyboard in Resources */ = {isa = PBXBuildFile; fileRef = 9450A23B23F07DE300B89DC3 /* LaunchScreen.storyboard */; };
		9450A24B23F0800900B89DC3 /* Serializable.swift in Sources */ = {isa = PBXBuildFile; fileRef = 9450A24A23F0800900B89DC3 /* Serializable.swift */; };
		9450A24D23F0803500B89DC3 /* Deserializable.swift in Sources */ = {isa = PBXBuildFile; fileRef = 9450A24C23F0803500B89DC3 /* Deserializable.swift */; };
		9450A24F23F0804D00B89DC3 /* NetworkClientProtocol.swift in Sources */ = {isa = PBXBuildFile; fileRef = 9450A24E23F0804D00B89DC3 /* NetworkClientProtocol.swift */; };
		9450A25123F0807600B89DC3 /* RequestConstructor.swift in Sources */ = {isa = PBXBuildFile; fileRef = 9450A25023F0807600B89DC3 /* RequestConstructor.swift */; };
		9450A27923F082FA00B89DC3 /* ArtObject.swift in Sources */ = {isa = PBXBuildFile; fileRef = 9450A27823F082FA00B89DC3 /* ArtObject.swift */; };
		9450A27B23F083B300B89DC3 /* Creator.swift in Sources */ = {isa = PBXBuildFile; fileRef = 9450A27A23F083B300B89DC3 /* Creator.swift */; };
		9450A27D23F08C0C00B89DC3 /* ArtObjectImage.swift in Sources */ = {isa = PBXBuildFile; fileRef = 9450A27C23F08C0C00B89DC3 /* ArtObjectImage.swift */; };
		9450A27F23F1EB8200B89DC3 /* CollectionObject.swift in Sources */ = {isa = PBXBuildFile; fileRef = 9450A27E23F1EB8100B89DC3 /* CollectionObject.swift */; };
		9450A28223F3410400B89DC3 /* CollectionObjectServiceProtocol.swift in Sources */ = {isa = PBXBuildFile; fileRef = 9450A28123F3410400B89DC3 /* CollectionObjectServiceProtocol.swift */; };
		9450A28423F3424400B89DC3 /* CollectionObjectService.swift in Sources */ = {isa = PBXBuildFile; fileRef = 9450A28323F3424400B89DC3 /* CollectionObjectService.swift */; };
		EEFB8CEF23F3F2B800ED13B6 /* Extensions.swift in Sources */ = {isa = PBXBuildFile; fileRef = EEFB8CEE23F3F2B800ED13B6 /* Extensions.swift */; };
		EEFB8CF923F3F2E100ED13B6 /* APIRouter.swift in Sources */ = {isa = PBXBuildFile; fileRef = EEFB8CF423F3F2E100ED13B6 /* APIRouter.swift */; };
		EEFB8CFA23F3F2E100ED13B6 /* APIConfig.swift in Sources */ = {isa = PBXBuildFile; fileRef = EEFB8CF523F3F2E100ED13B6 /* APIConfig.swift */; };
		EEFB8CFB23F3F2E100ED13B6 /* APIRequestBodyParts.swift in Sources */ = {isa = PBXBuildFile; fileRef = EEFB8CF623F3F2E100ED13B6 /* APIRequestBodyParts.swift */; };
		EEFB8CFC23F3F2E100ED13B6 /* APIEndpoint.swift in Sources */ = {isa = PBXBuildFile; fileRef = EEFB8CF723F3F2E100ED13B6 /* APIEndpoint.swift */; };
		EEFB8CFD23F3F2E100ED13B6 /* APIRequestParams.swift in Sources */ = {isa = PBXBuildFile; fileRef = EEFB8CF823F3F2E100ED13B6 /* APIRequestParams.swift */; };
		EEFB8CFF23F3F2EF00ED13B6 /* NetworkClient.swift in Sources */ = {isa = PBXBuildFile; fileRef = EEFB8CFE23F3F2EF00ED13B6 /* NetworkClient.swift */; };
		EEFB8D0823F3F31000ED13B6 /* MultipartBoundary.swift in Sources */ = {isa = PBXBuildFile; fileRef = EEFB8D0323F3F31000ED13B6 /* MultipartBoundary.swift */; };
		EEFB8D0923F3F31000ED13B6 /* MultipartBody.swift in Sources */ = {isa = PBXBuildFile; fileRef = EEFB8D0423F3F31000ED13B6 /* MultipartBody.swift */; };
		EEFB8D0A23F3F31000ED13B6 /* FilePart.swift in Sources */ = {isa = PBXBuildFile; fileRef = EEFB8D0523F3F31000ED13B6 /* FilePart.swift */; };
		EEFB8D0B23F3F31000ED13B6 /* PartType.swift in Sources */ = {isa = PBXBuildFile; fileRef = EEFB8D0623F3F31000ED13B6 /* PartType.swift */; };
		EEFB8D0C23F3F31000ED13B6 /* ParamPart.swift in Sources */ = {isa = PBXBuildFile; fileRef = EEFB8D0723F3F31000ED13B6 /* ParamPart.swift */; };
		EEFB8D0E23F3F31C00ED13B6 /* HTTPMethod.swift in Sources */ = {isa = PBXBuildFile; fileRef = EEFB8D0D23F3F31C00ED13B6 /* HTTPMethod.swift */; };
		EEFB8D1023F3F32500ED13B6 /* EncodeType.swift in Sources */ = {isa = PBXBuildFile; fileRef = EEFB8D0F23F3F32500ED13B6 /* EncodeType.swift */; };
/* End PBXBuildFile section */

/* Begin PBXFileReference section */
		9450A22D23F07DE100B89DC3 /* RijksmuseumApp.app */ = {isa = PBXFileReference; explicitFileType = wrapper.application; includeInIndex = 0; path = RijksmuseumApp.app; sourceTree = BUILT_PRODUCTS_DIR; };
		9450A23023F07DE100B89DC3 /* AppDelegate.swift */ = {isa = PBXFileReference; lastKnownFileType = sourcecode.swift; path = AppDelegate.swift; sourceTree = "<group>"; };
		9450A23423F07DE100B89DC3 /* ViewController.swift */ = {isa = PBXFileReference; lastKnownFileType = sourcecode.swift; path = ViewController.swift; sourceTree = "<group>"; };
		9450A23723F07DE100B89DC3 /* Base */ = {isa = PBXFileReference; lastKnownFileType = file.storyboard; name = Base; path = Base.lproj/Main.storyboard; sourceTree = "<group>"; };
		9450A23923F07DE300B89DC3 /* Assets.xcassets */ = {isa = PBXFileReference; lastKnownFileType = folder.assetcatalog; path = Assets.xcassets; sourceTree = "<group>"; };
		9450A23C23F07DE300B89DC3 /* Base */ = {isa = PBXFileReference; lastKnownFileType = file.storyboard; name = Base; path = Base.lproj/LaunchScreen.storyboard; sourceTree = "<group>"; };
		9450A23E23F07DE300B89DC3 /* Info.plist */ = {isa = PBXFileReference; lastKnownFileType = text.plist.xml; path = Info.plist; sourceTree = "<group>"; };
		9450A24523F07F3800B89DC3 /* NetworkLayer.framework */ = {isa = PBXFileReference; explicitFileType = wrapper.framework; path = NetworkLayer.framework; sourceTree = BUILT_PRODUCTS_DIR; };
		9450A24A23F0800900B89DC3 /* Serializable.swift */ = {isa = PBXFileReference; lastKnownFileType = sourcecode.swift; path = Serializable.swift; sourceTree = "<group>"; };
		9450A24C23F0803500B89DC3 /* Deserializable.swift */ = {isa = PBXFileReference; lastKnownFileType = sourcecode.swift; path = Deserializable.swift; sourceTree = "<group>"; };
		9450A24E23F0804D00B89DC3 /* NetworkClientProtocol.swift */ = {isa = PBXFileReference; lastKnownFileType = sourcecode.swift; path = NetworkClientProtocol.swift; sourceTree = "<group>"; };
		9450A25023F0807600B89DC3 /* RequestConstructor.swift */ = {isa = PBXFileReference; lastKnownFileType = sourcecode.swift; path = RequestConstructor.swift; sourceTree = "<group>"; };
		9450A27823F082FA00B89DC3 /* ArtObject.swift */ = {isa = PBXFileReference; lastKnownFileType = sourcecode.swift; path = ArtObject.swift; sourceTree = "<group>"; };
		9450A27A23F083B300B89DC3 /* Creator.swift */ = {isa = PBXFileReference; lastKnownFileType = sourcecode.swift; path = Creator.swift; sourceTree = "<group>"; };
		9450A27C23F08C0C00B89DC3 /* ArtObjectImage.swift */ = {isa = PBXFileReference; lastKnownFileType = sourcecode.swift; path = ArtObjectImage.swift; sourceTree = "<group>"; };
		9450A27E23F1EB8100B89DC3 /* CollectionObject.swift */ = {isa = PBXFileReference; lastKnownFileType = sourcecode.swift; path = CollectionObject.swift; sourceTree = "<group>"; };
		9450A28123F3410400B89DC3 /* CollectionObjectServiceProtocol.swift */ = {isa = PBXFileReference; lastKnownFileType = sourcecode.swift; path = CollectionObjectServiceProtocol.swift; sourceTree = "<group>"; };
		9450A28323F3424400B89DC3 /* CollectionObjectService.swift */ = {isa = PBXFileReference; lastKnownFileType = sourcecode.swift; path = CollectionObjectService.swift; sourceTree = "<group>"; };
		EEFB8CEE23F3F2B800ED13B6 /* Extensions.swift */ = {isa = PBXFileReference; fileEncoding = 4; lastKnownFileType = sourcecode.swift; path = Extensions.swift; sourceTree = "<group>"; };
		EEFB8CF423F3F2E100ED13B6 /* APIRouter.swift */ = {isa = PBXFileReference; fileEncoding = 4; lastKnownFileType = sourcecode.swift; path = APIRouter.swift; sourceTree = "<group>"; };
		EEFB8CF523F3F2E100ED13B6 /* APIConfig.swift */ = {isa = PBXFileReference; fileEncoding = 4; lastKnownFileType = sourcecode.swift; path = APIConfig.swift; sourceTree = "<group>"; };
		EEFB8CF623F3F2E100ED13B6 /* APIRequestBodyParts.swift */ = {isa = PBXFileReference; fileEncoding = 4; lastKnownFileType = sourcecode.swift; path = APIRequestBodyParts.swift; sourceTree = "<group>"; };
		EEFB8CF723F3F2E100ED13B6 /* APIEndpoint.swift */ = {isa = PBXFileReference; fileEncoding = 4; lastKnownFileType = sourcecode.swift; path = APIEndpoint.swift; sourceTree = "<group>"; };
		EEFB8CF823F3F2E100ED13B6 /* APIRequestParams.swift */ = {isa = PBXFileReference; fileEncoding = 4; lastKnownFileType = sourcecode.swift; path = APIRequestParams.swift; sourceTree = "<group>"; };
		EEFB8CFE23F3F2EF00ED13B6 /* NetworkClient.swift */ = {isa = PBXFileReference; fileEncoding = 4; lastKnownFileType = sourcecode.swift; path = NetworkClient.swift; sourceTree = "<group>"; };
		EEFB8D0323F3F31000ED13B6 /* MultipartBoundary.swift */ = {isa = PBXFileReference; fileEncoding = 4; lastKnownFileType = sourcecode.swift; path = MultipartBoundary.swift; sourceTree = "<group>"; };
		EEFB8D0423F3F31000ED13B6 /* MultipartBody.swift */ = {isa = PBXFileReference; fileEncoding = 4; lastKnownFileType = sourcecode.swift; path = MultipartBody.swift; sourceTree = "<group>"; };
		EEFB8D0523F3F31000ED13B6 /* FilePart.swift */ = {isa = PBXFileReference; fileEncoding = 4; lastKnownFileType = sourcecode.swift; path = FilePart.swift; sourceTree = "<group>"; };
		EEFB8D0623F3F31000ED13B6 /* PartType.swift */ = {isa = PBXFileReference; fileEncoding = 4; lastKnownFileType = sourcecode.swift; path = PartType.swift; sourceTree = "<group>"; };
		EEFB8D0723F3F31000ED13B6 /* ParamPart.swift */ = {isa = PBXFileReference; fileEncoding = 4; lastKnownFileType = sourcecode.swift; path = ParamPart.swift; sourceTree = "<group>"; };
		EEFB8D0D23F3F31C00ED13B6 /* HTTPMethod.swift */ = {isa = PBXFileReference; fileEncoding = 4; lastKnownFileType = sourcecode.swift; path = HTTPMethod.swift; sourceTree = "<group>"; };
		EEFB8D0F23F3F32500ED13B6 /* EncodeType.swift */ = {isa = PBXFileReference; fileEncoding = 4; lastKnownFileType = sourcecode.swift; path = EncodeType.swift; sourceTree = "<group>"; };
/* End PBXFileReference section */

/* Begin PBXFrameworksBuildPhase section */
		9450A22A23F07DE100B89DC3 /* Frameworks */ = {
			isa = PBXFrameworksBuildPhase;
			buildActionMask = 2147483647;
			files = (
			);
			runOnlyForDeploymentPostprocessing = 0;
		};
/* End PBXFrameworksBuildPhase section */

/* Begin PBXGroup section */
		9450A22423F07DE100B89DC3 = {
			isa = PBXGroup;
			children = (
				9450A22F23F07DE100B89DC3 /* RijksmuseumApp */,
				9450A22E23F07DE100B89DC3 /* Products */,
				9450A24423F07F3800B89DC3 /* Frameworks */,
			);
			sourceTree = "<group>";
		};
		9450A22E23F07DE100B89DC3 /* Products */ = {
			isa = PBXGroup;
			children = (
				9450A22D23F07DE100B89DC3 /* RijksmuseumApp.app */,
			);
			name = Products;
			sourceTree = "<group>";
		};
		9450A22F23F07DE100B89DC3 /* RijksmuseumApp */ = {
			isa = PBXGroup;
			children = (
				EEFB8CED23F3F2AB00ED13B6 /* Network Layer */,
				9450A28023F340C300B89DC3 /* Service Layer */,
				9450A25223F0816000B89DC3 /* Model Layer */,
				9450A24923F07FCE00B89DC3 /* Core Layer */,
				9450A23023F07DE100B89DC3 /* AppDelegate.swift */,
				9450A23423F07DE100B89DC3 /* ViewController.swift */,
				9450A23623F07DE100B89DC3 /* Main.storyboard */,
				9450A23923F07DE300B89DC3 /* Assets.xcassets */,
				9450A23B23F07DE300B89DC3 /* LaunchScreen.storyboard */,
				9450A23E23F07DE300B89DC3 /* Info.plist */,
			);
			path = RijksmuseumApp;
			sourceTree = "<group>";
		};
		9450A24423F07F3800B89DC3 /* Frameworks */ = {
			isa = PBXGroup;
			children = (
				9450A24523F07F3800B89DC3 /* NetworkLayer.framework */,
			);
			name = Frameworks;
			sourceTree = "<group>";
		};
		9450A24923F07FCE00B89DC3 /* Core Layer */ = {
			isa = PBXGroup;
			children = (
				9450A24A23F0800900B89DC3 /* Serializable.swift */,
				9450A24C23F0803500B89DC3 /* Deserializable.swift */,
				9450A24E23F0804D00B89DC3 /* NetworkClientProtocol.swift */,
				9450A25023F0807600B89DC3 /* RequestConstructor.swift */,
			);
			path = "Core Layer";
			sourceTree = "<group>";
		};
		9450A25223F0816000B89DC3 /* Model Layer */ = {
			isa = PBXGroup;
			children = (
				9450A27823F082FA00B89DC3 /* ArtObject.swift */,
				9450A27A23F083B300B89DC3 /* Creator.swift */,
				9450A27C23F08C0C00B89DC3 /* ArtObjectImage.swift */,
				9450A27E23F1EB8100B89DC3 /* CollectionObject.swift */,
			);
			path = "Model Layer";
			sourceTree = "<group>";
		};
		9450A28023F340C300B89DC3 /* Service Layer */ = {
			isa = PBXGroup;
			children = (
				9450A28123F3410400B89DC3 /* CollectionObjectServiceProtocol.swift */,
				9450A28323F3424400B89DC3 /* CollectionObjectService.swift */,
			);
			path = "Service Layer";
			sourceTree = "<group>";
		};
		EEFB8CED23F3F2AB00ED13B6 /* Network Layer */ = {
			isa = PBXGroup;
			children = (
				EEFB8CF323F3F2D400ED13B6 /* Network */,
				EEFB8CF223F3F2CE00ED13B6 /* API */,
				EEFB8CEE23F3F2B800ED13B6 /* Extensions.swift */,
			);
			path = "Network Layer";
			sourceTree = "<group>";
		};
		EEFB8CF223F3F2CE00ED13B6 /* API */ = {
			isa = PBXGroup;
			children = (
				EEFB8CF523F3F2E100ED13B6 /* APIConfig.swift */,
				EEFB8CF723F3F2E100ED13B6 /* APIEndpoint.swift */,
				EEFB8CF623F3F2E100ED13B6 /* APIRequestBodyParts.swift */,
				EEFB8CF823F3F2E100ED13B6 /* APIRequestParams.swift */,
				EEFB8CF423F3F2E100ED13B6 /* APIRouter.swift */,
			);
			path = API;
			sourceTree = "<group>";
		};
		EEFB8CF323F3F2D400ED13B6 /* Network */ = {
			isa = PBXGroup;
			children = (
				EEFB8D0223F3F30400ED13B6 /* Multipart */,
				EEFB8D0123F3F2F900ED13B6 /* HTTP Method */,
				EEFB8D0023F3F2F300ED13B6 /* Encode Type */,
				EEFB8CFE23F3F2EF00ED13B6 /* NetworkClient.swift */,
			);
			path = Network;
			sourceTree = "<group>";
		};
		EEFB8D0023F3F2F300ED13B6 /* Encode Type */ = {
			isa = PBXGroup;
			children = (
				EEFB8D0F23F3F32500ED13B6 /* EncodeType.swift */,
			);
			path = "Encode Type";
			sourceTree = "<group>";
		};
		EEFB8D0123F3F2F900ED13B6 /* HTTP Method */ = {
			isa = PBXGroup;
			children = (
				EEFB8D0D23F3F31C00ED13B6 /* HTTPMethod.swift */,
			);
			path = "HTTP Method";
			sourceTree = "<group>";
		};
		EEFB8D0223F3F30400ED13B6 /* Multipart */ = {
			isa = PBXGroup;
			children = (
				EEFB8D0523F3F31000ED13B6 /* FilePart.swift */,
				EEFB8D0423F3F31000ED13B6 /* MultipartBody.swift */,
				EEFB8D0323F3F31000ED13B6 /* MultipartBoundary.swift */,
				EEFB8D0723F3F31000ED13B6 /* ParamPart.swift */,
				EEFB8D0623F3F31000ED13B6 /* PartType.swift */,
			);
			path = Multipart;
			sourceTree = "<group>";
		};
/* End PBXGroup section */

/* Begin PBXNativeTarget section */
		9450A22C23F07DE100B89DC3 /* RijksmuseumApp */ = {
			isa = PBXNativeTarget;
			buildConfigurationList = 9450A24123F07DE300B89DC3 /* Build configuration list for PBXNativeTarget "RijksmuseumApp" */;
			buildPhases = (
				9450A22923F07DE100B89DC3 /* Sources */,
				9450A22A23F07DE100B89DC3 /* Frameworks */,
				9450A22B23F07DE100B89DC3 /* Resources */,
			);
			buildRules = (
			);
			dependencies = (
			);
			name = RijksmuseumApp;
			productName = RijksmuseumApp;
			productReference = 9450A22D23F07DE100B89DC3 /* RijksmuseumApp.app */;
			productType = "com.apple.product-type.application";
		};
/* End PBXNativeTarget section */

/* Begin PBXProject section */
		9450A22523F07DE100B89DC3 /* Project object */ = {
			isa = PBXProject;
			attributes = {
				LastSwiftUpdateCheck = 1110;
				LastUpgradeCheck = 1110;
				ORGANIZATIONNAME = maxim.kruchinin;
				TargetAttributes = {
					9450A22C23F07DE100B89DC3 = {
						CreatedOnToolsVersion = 11.1;
					};
				};
			};
			buildConfigurationList = 9450A22823F07DE100B89DC3 /* Build configuration list for PBXProject "RijksmuseumApp" */;
			compatibilityVersion = "Xcode 9.3";
			developmentRegion = en;
			hasScannedForEncodings = 0;
			knownRegions = (
				en,
				Base,
			);
			mainGroup = 9450A22423F07DE100B89DC3;
			productRefGroup = 9450A22E23F07DE100B89DC3 /* Products */;
			projectDirPath = "";
			projectRoot = "";
			targets = (
				9450A22C23F07DE100B89DC3 /* RijksmuseumApp */,
			);
		};
/* End PBXProject section */

/* Begin PBXResourcesBuildPhase section */
		9450A22B23F07DE100B89DC3 /* Resources */ = {
			isa = PBXResourcesBuildPhase;
			buildActionMask = 2147483647;
			files = (
				9450A23D23F07DE300B89DC3 /* LaunchScreen.storyboard in Resources */,
				9450A23A23F07DE300B89DC3 /* Assets.xcassets in Resources */,
				9450A23823F07DE100B89DC3 /* Main.storyboard in Resources */,
			);
			runOnlyForDeploymentPostprocessing = 0;
		};
/* End PBXResourcesBuildPhase section */

/* Begin PBXSourcesBuildPhase section */
		9450A22923F07DE100B89DC3 /* Sources */ = {
			isa = PBXSourcesBuildPhase;
			buildActionMask = 2147483647;
			files = (
				EEFB8CFF23F3F2EF00ED13B6 /* NetworkClient.swift in Sources */,
				EEFB8D1023F3F32500ED13B6 /* EncodeType.swift in Sources */,
				EEFB8CFD23F3F2E100ED13B6 /* APIRequestParams.swift in Sources */,
				9450A27923F082FA00B89DC3 /* ArtObject.swift in Sources */,
				9450A25123F0807600B89DC3 /* RequestConstructor.swift in Sources */,
				9450A24B23F0800900B89DC3 /* Serializable.swift in Sources */,
				9450A27F23F1EB8200B89DC3 /* CollectionObject.swift in Sources */,
				9450A24F23F0804D00B89DC3 /* NetworkClientProtocol.swift in Sources */,
				9450A23523F07DE100B89DC3 /* ViewController.swift in Sources */,
				EEFB8D0E23F3F31C00ED13B6 /* HTTPMethod.swift in Sources */,
				EEFB8D0A23F3F31000ED13B6 /* FilePart.swift in Sources */,
				9450A27B23F083B300B89DC3 /* Creator.swift in Sources */,
				EEFB8D0C23F3F31000ED13B6 /* ParamPart.swift in Sources */,
				EEFB8CF923F3F2E100ED13B6 /* APIRouter.swift in Sources */,
				9450A23123F07DE100B89DC3 /* AppDelegate.swift in Sources */,
				EEFB8CEF23F3F2B800ED13B6 /* Extensions.swift in Sources */,
				9450A24D23F0803500B89DC3 /* Deserializable.swift in Sources */,
				9450A28423F3424400B89DC3 /* CollectionObjectService.swift in Sources */,
				9450A27D23F08C0C00B89DC3 /* ArtObjectImage.swift in Sources */,
				EEFB8D0923F3F31000ED13B6 /* MultipartBody.swift in Sources */,
				9450A28223F3410400B89DC3 /* CollectionObjectServiceProtocol.swift in Sources */,
				EEFB8D0B23F3F31000ED13B6 /* PartType.swift in Sources */,
				EEFB8D0823F3F31000ED13B6 /* MultipartBoundary.swift in Sources */,
				EEFB8CFC23F3F2E100ED13B6 /* APIEndpoint.swift in Sources */,
				EEFB8CFA23F3F2E100ED13B6 /* APIConfig.swift in Sources */,
				EEFB8CFB23F3F2E100ED13B6 /* APIRequestBodyParts.swift in Sources */,
			);
			runOnlyForDeploymentPostprocessing = 0;
		};
/* End PBXSourcesBuildPhase section */

/* Begin PBXVariantGroup section */
		9450A23623F07DE100B89DC3 /* Main.storyboard */ = {
			isa = PBXVariantGroup;
			children = (
				9450A23723F07DE100B89DC3 /* Base */,
			);
			name = Main.storyboard;
			sourceTree = "<group>";
		};
		9450A23B23F07DE300B89DC3 /* LaunchScreen.storyboard */ = {
			isa = PBXVariantGroup;
			children = (
				9450A23C23F07DE300B89DC3 /* Base */,
			);
			name = LaunchScreen.storyboard;
			sourceTree = "<group>";
		};
/* End PBXVariantGroup section */

/* Begin XCBuildConfiguration section */
		9450A23F23F07DE300B89DC3 /* Debug */ = {
			isa = XCBuildConfiguration;
			buildSettings = {
				ALWAYS_SEARCH_USER_PATHS = NO;
				CLANG_ANALYZER_NONNULL = YES;
				CLANG_ANALYZER_NUMBER_OBJECT_CONVERSION = YES_AGGRESSIVE;
				CLANG_CXX_LANGUAGE_STANDARD = "gnu++14";
				CLANG_CXX_LIBRARY = "libc++";
				CLANG_ENABLE_MODULES = YES;
				CLANG_ENABLE_OBJC_ARC = YES;
				CLANG_ENABLE_OBJC_WEAK = YES;
				CLANG_WARN_BLOCK_CAPTURE_AUTORELEASING = YES;
				CLANG_WARN_BOOL_CONVERSION = YES;
				CLANG_WARN_COMMA = YES;
				CLANG_WARN_CONSTANT_CONVERSION = YES;
				CLANG_WARN_DEPRECATED_OBJC_IMPLEMENTATIONS = YES;
				CLANG_WARN_DIRECT_OBJC_ISA_USAGE = YES_ERROR;
				CLANG_WARN_DOCUMENTATION_COMMENTS = YES;
				CLANG_WARN_EMPTY_BODY = YES;
				CLANG_WARN_ENUM_CONVERSION = YES;
				CLANG_WARN_INFINITE_RECURSION = YES;
				CLANG_WARN_INT_CONVERSION = YES;
				CLANG_WARN_NON_LITERAL_NULL_CONVERSION = YES;
				CLANG_WARN_OBJC_IMPLICIT_RETAIN_SELF = YES;
				CLANG_WARN_OBJC_LITERAL_CONVERSION = YES;
				CLANG_WARN_OBJC_ROOT_CLASS = YES_ERROR;
				CLANG_WARN_RANGE_LOOP_ANALYSIS = YES;
				CLANG_WARN_STRICT_PROTOTYPES = YES;
				CLANG_WARN_SUSPICIOUS_MOVE = YES;
				CLANG_WARN_UNGUARDED_AVAILABILITY = YES_AGGRESSIVE;
				CLANG_WARN_UNREACHABLE_CODE = YES;
				CLANG_WARN__DUPLICATE_METHOD_MATCH = YES;
				COPY_PHASE_STRIP = NO;
				DEBUG_INFORMATION_FORMAT = dwarf;
				ENABLE_STRICT_OBJC_MSGSEND = YES;
				ENABLE_TESTABILITY = YES;
				GCC_C_LANGUAGE_STANDARD = gnu11;
				GCC_DYNAMIC_NO_PIC = NO;
				GCC_NO_COMMON_BLOCKS = YES;
				GCC_OPTIMIZATION_LEVEL = 0;
				GCC_PREPROCESSOR_DEFINITIONS = (
					"DEBUG=1",
					"$(inherited)",
				);
				GCC_WARN_64_TO_32_BIT_CONVERSION = YES;
				GCC_WARN_ABOUT_RETURN_TYPE = YES_ERROR;
				GCC_WARN_UNDECLARED_SELECTOR = YES;
				GCC_WARN_UNINITIALIZED_AUTOS = YES_AGGRESSIVE;
				GCC_WARN_UNUSED_FUNCTION = YES;
				GCC_WARN_UNUSED_VARIABLE = YES;
				IPHONEOS_DEPLOYMENT_TARGET = 12.0;
				MTL_ENABLE_DEBUG_INFO = INCLUDE_SOURCE;
				MTL_FAST_MATH = YES;
				ONLY_ACTIVE_ARCH = YES;
				SDKROOT = iphoneos;
				SWIFT_ACTIVE_COMPILATION_CONDITIONS = DEBUG;
				SWIFT_OPTIMIZATION_LEVEL = "-Onone";
			};
			name = Debug;
		};
		9450A24023F07DE300B89DC3 /* Release */ = {
			isa = XCBuildConfiguration;
			buildSettings = {
				ALWAYS_SEARCH_USER_PATHS = NO;
				CLANG_ANALYZER_NONNULL = YES;
				CLANG_ANALYZER_NUMBER_OBJECT_CONVERSION = YES_AGGRESSIVE;
				CLANG_CXX_LANGUAGE_STANDARD = "gnu++14";
				CLANG_CXX_LIBRARY = "libc++";
				CLANG_ENABLE_MODULES = YES;
				CLANG_ENABLE_OBJC_ARC = YES;
				CLANG_ENABLE_OBJC_WEAK = YES;
				CLANG_WARN_BLOCK_CAPTURE_AUTORELEASING = YES;
				CLANG_WARN_BOOL_CONVERSION = YES;
				CLANG_WARN_COMMA = YES;
				CLANG_WARN_CONSTANT_CONVERSION = YES;
				CLANG_WARN_DEPRECATED_OBJC_IMPLEMENTATIONS = YES;
				CLANG_WARN_DIRECT_OBJC_ISA_USAGE = YES_ERROR;
				CLANG_WARN_DOCUMENTATION_COMMENTS = YES;
				CLANG_WARN_EMPTY_BODY = YES;
				CLANG_WARN_ENUM_CONVERSION = YES;
				CLANG_WARN_INFINITE_RECURSION = YES;
				CLANG_WARN_INT_CONVERSION = YES;
				CLANG_WARN_NON_LITERAL_NULL_CONVERSION = YES;
				CLANG_WARN_OBJC_IMPLICIT_RETAIN_SELF = YES;
				CLANG_WARN_OBJC_LITERAL_CONVERSION = YES;
				CLANG_WARN_OBJC_ROOT_CLASS = YES_ERROR;
				CLANG_WARN_RANGE_LOOP_ANALYSIS = YES;
				CLANG_WARN_STRICT_PROTOTYPES = YES;
				CLANG_WARN_SUSPICIOUS_MOVE = YES;
				CLANG_WARN_UNGUARDED_AVAILABILITY = YES_AGGRESSIVE;
				CLANG_WARN_UNREACHABLE_CODE = YES;
				CLANG_WARN__DUPLICATE_METHOD_MATCH = YES;
				COPY_PHASE_STRIP = NO;
				DEBUG_INFORMATION_FORMAT = "dwarf-with-dsym";
				ENABLE_NS_ASSERTIONS = NO;
				ENABLE_STRICT_OBJC_MSGSEND = YES;
				GCC_C_LANGUAGE_STANDARD = gnu11;
				GCC_NO_COMMON_BLOCKS = YES;
				GCC_WARN_64_TO_32_BIT_CONVERSION = YES;
				GCC_WARN_ABOUT_RETURN_TYPE = YES_ERROR;
				GCC_WARN_UNDECLARED_SELECTOR = YES;
				GCC_WARN_UNINITIALIZED_AUTOS = YES_AGGRESSIVE;
				GCC_WARN_UNUSED_FUNCTION = YES;
				GCC_WARN_UNUSED_VARIABLE = YES;
				IPHONEOS_DEPLOYMENT_TARGET = 12.0;
				MTL_ENABLE_DEBUG_INFO = NO;
				MTL_FAST_MATH = YES;
				SDKROOT = iphoneos;
				SWIFT_COMPILATION_MODE = wholemodule;
				SWIFT_OPTIMIZATION_LEVEL = "-O";
				VALIDATE_PRODUCT = YES;
			};
			name = Release;
		};
		9450A24223F07DE300B89DC3 /* Debug */ = {
			isa = XCBuildConfiguration;
			buildSettings = {
				ASSETCATALOG_COMPILER_APPICON_NAME = AppIcon;
				CODE_SIGN_STYLE = Automatic;
				DEVELOPMENT_TEAM = MLE2WXY4HQ;
				INFOPLIST_FILE = RijksmuseumApp/Info.plist;
				LD_RUNPATH_SEARCH_PATHS = (
					"$(inherited)",
					"@executable_path/Frameworks",
				);
				PRODUCT_BUNDLE_IDENTIFIER = maxim.kruchinin.RijksmuseumApp;
				PRODUCT_NAME = "$(TARGET_NAME)";
				SWIFT_VERSION = 5.0;
				TARGETED_DEVICE_FAMILY = "1,2";
			};
			name = Debug;
		};
		9450A24323F07DE300B89DC3 /* Release */ = {
			isa = XCBuildConfiguration;
			buildSettings = {
				ASSETCATALOG_COMPILER_APPICON_NAME = AppIcon;
				CODE_SIGN_STYLE = Automatic;
				DEVELOPMENT_TEAM = MLE2WXY4HQ;
				INFOPLIST_FILE = RijksmuseumApp/Info.plist;
				LD_RUNPATH_SEARCH_PATHS = (
					"$(inherited)",
					"@executable_path/Frameworks",
				);
				PRODUCT_BUNDLE_IDENTIFIER = maxim.kruchinin.RijksmuseumApp;
				PRODUCT_NAME = "$(TARGET_NAME)";
				SWIFT_VERSION = 5.0;
				TARGETED_DEVICE_FAMILY = "1,2";
			};
			name = Release;
		};
/* End XCBuildConfiguration section */

/* Begin XCConfigurationList section */
		9450A22823F07DE100B89DC3 /* Build configuration list for PBXProject "RijksmuseumApp" */ = {
			isa = XCConfigurationList;
			buildConfigurations = (
				9450A23F23F07DE300B89DC3 /* Debug */,
				9450A24023F07DE300B89DC3 /* Release */,
			);
			defaultConfigurationIsVisible = 0;
			defaultConfigurationName = Release;
		};
		9450A24123F07DE300B89DC3 /* Build configuration list for PBXNativeTarget "RijksmuseumApp" */ = {
			isa = XCConfigurationList;
			buildConfigurations = (
				9450A24223F07DE300B89DC3 /* Debug */,
				9450A24323F07DE300B89DC3 /* Release */,
			);
			defaultConfigurationIsVisible = 0;
			defaultConfigurationName = Release;
		};
/* End XCConfigurationList section */
	};
	rootObject = 9450A22523F07DE100B89DC3 /* Project object */;
}
